
Microsoft Visual Studio Solution File, Format Version 12.00
# Visual Studio Version 17
VisualStudioVersion = 17.1.32328.378
MinimumVisualStudioVersion = 10.0.40219.1
Project("{FAE04EC0-301F-11D3-BF4B-00C04F79EFBC}") = "ToolsQA", "ToolsQA\ToolsQA.csproj", "{C8E804EF-987E-4FBC-B1E3-415FC660F35F}"
EndProject
Project("{FAE04EC0-301F-11D3-BF4B-00C04F79EFBC}") = "NUnitTestProject", "NUnitTestProject\NUnitTestProject.csproj", "{0D08F576-CF1E-4041-A26A-0D7F28174318}"
EndProject
Global
	GlobalSection(SolutionConfigurationPlatforms) = preSolution
		Debug|Any CPU = Debug|Any CPU
		Release|Any CPU = Release|Any CPU
	EndGlobalSection
	GlobalSection(ProjectConfigurationPlatforms) = postSolution
		{C8E804EF-987E-4FBC-B1E3-415FC660F35F}.Debug|Any CPU.ActiveCfg = Debug|Any CPU
		{C8E804EF-987E-4FBC-B1E3-415FC660F35F}.Debug|Any CPU.Build.0 = Debug|Any CPU
		{C8E804EF-987E-4FBC-B1E3-415FC660F35F}.Release|Any CPU.ActiveCfg = Release|Any CPU
		{C8E804EF-987E-4FBC-B1E3-415FC660F35F}.Release|Any CPU.Build.0 = Release|Any CPU
		{0D08F576-CF1E-4041-A26A-0D7F28174318}.Debug|Any CPU.ActiveCfg = Debug|Any CPU
		{0D08F576-CF1E-4041-A26A-0D7F28174318}.Debug|Any CPU.Build.0 = Debug|Any CPU
		{0D08F576-CF1E-4041-A26A-0D7F28174318}.Release|Any CPU.ActiveCfg = Release|Any CPU
		{0D08F576-CF1E-4041-A26A-0D7F28174318}.Release|Any CPU.Build.0 = Release|Any CPU
	EndGlobalSection
	GlobalSection(SolutionProperties) = preSolution
		HideSolutionNode = FALSE
	EndGlobalSection
	GlobalSection(ExtensibilityGlobals) = postSolution
		SolutionGuid = {D28BF6D2-3A28-4E4B-9323-0BC3E07FB5B8}
	EndGlobalSection
EndGlobal
